
Microsoft Visual Studio Solution File, Format Version 12.00
# Visual Studio Version 16
VisualStudioVersion = 16.0.29709.97
MinimumVisualStudioVersion = 10.0.40219.1
Project("{FAE04EC0-301F-11D3-BF4B-00C04F79EFBC}") = "MISA.JETPAY.DemoPaymentGateway", "MISA.JETPAY.DemoPaymentDateway\MISA.JETPAY.DemoPaymentGateway.csproj", "{091F79AA-08C5-439F-925F-4B9806A5A5B1}"
EndProject
Project("{FAE04EC0-301F-11D3-BF4B-00C04F79EFBC}") = "MISA.JETPAY.DemoPaymentDateway.Merchant", "MISA.JETPAY.DemoPaymentDateway.Merchant\MISA.JETPAY.DemoPaymentDateway.Merchant.csproj", "{CA0E97C2-94DE-4D2C-8CAA-FCA86ED0DC14}"
EndProject
Global
	GlobalSection(SolutionConfigurationPlatforms) = preSolution
		Debug|Any CPU = Debug|Any CPU
		Release|Any CPU = Release|Any CPU
	EndGlobalSection
	GlobalSection(ProjectConfigurationPlatforms) = postSolution
		{091F79AA-08C5-439F-925F-4B9806A5A5B1}.Debug|Any CPU.ActiveCfg = Debug|Any CPU
		{091F79AA-08C5-439F-925F-4B9806A5A5B1}.Debug|Any CPU.Build.0 = Debug|Any CPU
		{091F79AA-08C5-439F-925F-4B9806A5A5B1}.Release|Any CPU.ActiveCfg = Release|Any CPU
		{091F79AA-08C5-439F-925F-4B9806A5A5B1}.Release|Any CPU.Build.0 = Release|Any CPU
		{CA0E97C2-94DE-4D2C-8CAA-FCA86ED0DC14}.Debug|Any CPU.ActiveCfg = Debug|Any CPU
		{CA0E97C2-94DE-4D2C-8CAA-FCA86ED0DC14}.Debug|Any CPU.Build.0 = Debug|Any CPU
		{CA0E97C2-94DE-4D2C-8CAA-FCA86ED0DC14}.Release|Any CPU.ActiveCfg = Release|Any CPU
		{CA0E97C2-94DE-4D2C-8CAA-FCA86ED0DC14}.Release|Any CPU.Build.0 = Release|Any CPU
	EndGlobalSection
	GlobalSection(SolutionProperties) = preSolution
		HideSolutionNode = FALSE
	EndGlobalSection
	GlobalSection(ExtensibilityGlobals) = postSolution
		SolutionGuid = {B5446624-8168-46F9-A6DB-FF81054E35D5}
	EndGlobalSection
EndGlobal
