
Microsoft Visual Studio Solution File, Format Version 12.00
# Visual Studio Version 16
VisualStudioVersion = 16.0.31105.61
MinimumVisualStudioVersion = 10.0.40219.1
Project("{FAE04EC0-301F-11D3-BF4B-00C04F79EFBC}") = "MISA.JETPAY.MerchantWebsiteAdmin", "MISA.JETPAY.MerchantWebsiteAdmin\MISA.JETPAY.MerchantWebsiteAdmin.csproj", "{E72E1854-A6BB-4F2C-B5F5-40F5311E3B03}"
EndProject
Global
	GlobalSection(SolutionConfigurationPlatforms) = preSolution
		Debug|Any CPU = Debug|Any CPU
		Release|Any CPU = Release|Any CPU
	EndGlobalSection
	GlobalSection(ProjectConfigurationPlatforms) = postSolution
		{E72E1854-A6BB-4F2C-B5F5-40F5311E3B03}.Debug|Any CPU.ActiveCfg = Debug|Any CPU
		{E72E1854-A6BB-4F2C-B5F5-40F5311E3B03}.Debug|Any CPU.Build.0 = Debug|Any CPU
		{E72E1854-A6BB-4F2C-B5F5-40F5311E3B03}.Release|Any CPU.ActiveCfg = Release|Any CPU
		{E72E1854-A6BB-4F2C-B5F5-40F5311E3B03}.Release|Any CPU.Build.0 = Release|Any CPU
	EndGlobalSection
	GlobalSection(SolutionProperties) = preSolution
		HideSolutionNode = FALSE
	EndGlobalSection
	GlobalSection(ExtensibilityGlobals) = postSolution
		SolutionGuid = {F354D750-A5C9-4740-9F29-913F2C5B290D}
	EndGlobalSection
EndGlobal
